{
  "name": "ui",
  "lockfileVersion": 3,
  "requires": true,
  "packages": {
    "": {
      "dependencies": {
        "ng-recaptcha": "^11.0.0",
        "uninstall": "^0.0.0"
      }
    },
    "node_modules/@types/grecaptcha": {
      "version": "3.0.4",
      "resolved": "https://registry.npmjs.org/@types/grecaptcha/-/grecaptcha-3.0.4.tgz",
      "integrity": "sha512-7l1Y8DTGXkx/r4pwU1nMVAR+yD/QC+MCHKXAyEX/7JZhwcN1IED09aZ9vCjjkcGdhSQiu/eJqcXInpl6eEEEwg=="
    },
    "node_modules/ng-recaptcha": {
      "version": "11.0.0",
      "resolved": "https://registry.npmjs.org/ng-recaptcha/-/ng-recaptcha-11.0.0.tgz",
      "integrity": "sha512-DS0ESI9ODmAW2ToBU5EuizusAmGcJCmYCKGB5CYWntPQOHDEcCWLxkQ6RJrF2USLtq9vooN5KVV45pNUpmPhNw==",
      "dependencies": {
        "@types/grecaptcha": "^3.0.3",
        "tslib": "^2.2.0"
      },
      "peerDependencies": {
        "@angular/core": "^15.0.0"
      }
    },
    "node_modules/tslib": {
      "version": "2.5.0",
      "resolved": "https://registry.npmjs.org/tslib/-/tslib-2.5.0.tgz",
      "integrity": "sha512-336iVw3rtn2BUK7ORdIAHTyxHGRIHVReokCR3XjbckJMK7ms8FysBfhLR8IXnAgy7T0PTPNBWKiH514FOW/WSg=="
    },
    "node_modules/uninstall": {
      "version": "0.0.0",
      "resolved": "https://registry.npmjs.org/uninstall/-/uninstall-0.0.0.tgz",
      "integrity": "sha512-pjP/0+A4gsbDVa8XH/S2GZdT9NPJW8NFMy3GI7HnsWG+NAmFSSj3QidNosXBI9cPtxxNExEDdhKFO6sli8K3mA=="
    }
  }
}
